# THIS IS AN AUTOGENERATED FILE. DO NOT EDIT THIS FILE DIRECTLY.
# yarn lockfile v1


create-vite@^5.2.3:
  version "5.2.3"
  resolved "https://registry.yarnpkg.com/create-vite/-/create-vite-5.2.3.tgz#225d38cf93adebfaeb24b2a9037c29eaa85fb2e3"
  integrity sha512-fTIAW0foFjj0+oNzG0zs7VXMdQ/C9NcaLeoB/kl91HQukFKCXYMPzmllJAWX2lJTgunRRz4K14HBiXfyuX9xGg==
